
Microsoft Visual Studio Solution File, Format Version 12.00
Project("{FAE04EC0-301F-11D3-BF4B-00C04F79EFBC}") = "StockConsole", "StockConsole\StockConsole.csproj", "{041D0B58-9D47-4D21-8756-5BDEAA826BC8}"
EndProject
Project("{FAE04EC0-301F-11D3-BF4B-00C04F79EFBC}") = "TestStockConsole", "TestStockConsole\TestStockConsole.csproj", "{A54DEE02-BD45-4F45-93D9-F3AED8E29413}"
EndProject
Global
	GlobalSection(SolutionConfigurationPlatforms) = preSolution
		Debug|Any CPU = Debug|Any CPU
		Release|Any CPU = Release|Any CPU
	EndGlobalSection
	GlobalSection(ProjectConfigurationPlatforms) = postSolution
		{041D0B58-9D47-4D21-8756-5BDEAA826BC8}.Debug|Any CPU.ActiveCfg = Debug|Any CPU
		{041D0B58-9D47-4D21-8756-5BDEAA826BC8}.Debug|Any CPU.Build.0 = Debug|Any CPU
		{041D0B58-9D47-4D21-8756-5BDEAA826BC8}.Release|Any CPU.ActiveCfg = Release|Any CPU
		{041D0B58-9D47-4D21-8756-5BDEAA826BC8}.Release|Any CPU.Build.0 = Release|Any CPU
		{A54DEE02-BD45-4F45-93D9-F3AED8E29413}.Debug|Any CPU.ActiveCfg = Debug|Any CPU
		{A54DEE02-BD45-4F45-93D9-F3AED8E29413}.Debug|Any CPU.Build.0 = Debug|Any CPU
		{A54DEE02-BD45-4F45-93D9-F3AED8E29413}.Release|Any CPU.ActiveCfg = Release|Any CPU
		{A54DEE02-BD45-4F45-93D9-F3AED8E29413}.Release|Any CPU.Build.0 = Release|Any CPU
	EndGlobalSection
EndGlobal
